
Microsoft Visual Studio Solution File, Format Version 12.00
Project("{FAE04EC0-301F-11D3-BF4B-00C04F79EFBC}") = "BinaryReadAndWriteData", "BinaryReadAndWriteData\BinaryReadAndWriteData.csproj", "{38C7D5A1-F421-4E9C-BEB2-2C907E184694}"
EndProject
Global
	GlobalSection(SolutionConfigurationPlatforms) = preSolution
		Debug|Any CPU = Debug|Any CPU
		Release|Any CPU = Release|Any CPU
	EndGlobalSection
	GlobalSection(ProjectConfigurationPlatforms) = postSolution
		{38C7D5A1-F421-4E9C-BEB2-2C907E184694}.Debug|Any CPU.ActiveCfg = Debug|Any CPU
		{38C7D5A1-F421-4E9C-BEB2-2C907E184694}.Debug|Any CPU.Build.0 = Debug|Any CPU
		{38C7D5A1-F421-4E9C-BEB2-2C907E184694}.Release|Any CPU.ActiveCfg = Release|Any CPU
		{38C7D5A1-F421-4E9C-BEB2-2C907E184694}.Release|Any CPU.Build.0 = Release|Any CPU
	EndGlobalSection
EndGlobal
