
Microsoft Visual Studio Solution File, Format Version 12.00
Project("{FAE04EC0-301F-11D3-BF4B-00C04F79EFBC}") = "Binary_Encryptor_Visible_Password", "Binary_Encryptor_Visible_Password\Binary_Encryptor_Visible_Password.csproj", "{57CA40D4-87D9-4895-A1C8-7881AF49BE7E}"
EndProject
Global
	GlobalSection(SolutionConfigurationPlatforms) = preSolution
		Debug|Any CPU = Debug|Any CPU
		Release|Any CPU = Release|Any CPU
	EndGlobalSection
	GlobalSection(ProjectConfigurationPlatforms) = postSolution
		{57CA40D4-87D9-4895-A1C8-7881AF49BE7E}.Debug|Any CPU.ActiveCfg = Debug|Any CPU
		{57CA40D4-87D9-4895-A1C8-7881AF49BE7E}.Debug|Any CPU.Build.0 = Debug|Any CPU
		{57CA40D4-87D9-4895-A1C8-7881AF49BE7E}.Release|Any CPU.ActiveCfg = Release|Any CPU
		{57CA40D4-87D9-4895-A1C8-7881AF49BE7E}.Release|Any CPU.Build.0 = Release|Any CPU
	EndGlobalSection
EndGlobal
